{
  "nodes": {
    "flake-parts": {
      "inputs": {
        "nixpkgs-lib": "nixpkgs-lib"
      },
      "locked": {
        "lastModified": 1715865404,
        "narHash": "sha256-/GJvTdTpuDjNn84j82cU6bXztE0MSkdnTWClUCRub78=",
        "owner": "hercules-ci",
        "repo": "flake-parts",
        "rev": "8dc45382d5206bd292f9c2768b8058a8fd8311d9",
        "type": "github"
      },
      "original": {
        "owner": "hercules-ci",
        "repo": "flake-parts",
        "type": "github"
      }
    },
    "flake-utils": {
      "inputs": {
        "systems": "systems"
      },
      "locked": {
        "lastModified": 1710146030,
        "narHash": "sha256-SZ5L6eA7HJ/nmkzGG7/ISclqe6oZdOZTNoesiInkXPQ=",
        "owner": "numtide",
        "repo": "flake-utils",
        "rev": "b1d9ab70662946ef0850d488da1c9019f3a9752a",
        "type": "github"
      },
      "original": {
        "owner": "numtide",
        "repo": "flake-utils",
        "type": "github"
      }
    },
    "gen-luarc": {
      "inputs": {
        "flake-parts": "flake-parts",
        "nixpkgs": "nixpkgs"
      },
      "locked": {
        "lastModified": 1717108591,
        "narHash": "sha256-Sn6jrh9Nqp5UKJzNT0rg/DQCJCpFs/d+RM2/iENPpBo=",
        "owner": "mrcjkb",
        "repo": "nix-gen-luarc-json",
        "rev": "39704e58b5227a82a14a00f5912e4bfccfa2b687",
        "type": "github"
      },
      "original": {
        "owner": "mrcjkb",
        "repo": "nix-gen-luarc-json",
        "type": "github"
      }
    },
    "nixpkgs": {
      "locked": {
        "lastModified": 1716948383,
        "narHash": "sha256-SzDKxseEcHR5KzPXLwsemyTR/kaM9whxeiJohbL04rs=",
        "owner": "nixos",
        "repo": "nixpkgs",
        "rev": "ad57eef4ef0659193044870c731987a6df5cf56b",
        "type": "github"
      },
      "original": {
        "owner": "nixos",
        "ref": "nixos-unstable",
        "repo": "nixpkgs",
        "type": "github"
      }
    },
    "nixpkgs-lib": {
      "locked": {
        "lastModified": 1714640452,
        "narHash": "sha256-QBx10+k6JWz6u7VsohfSw8g8hjdBZEf8CFzXH1/1Z94=",
        "type": "tarball",
        "url": "https://github.com/NixOS/nixpkgs/archive/50eb7ecf4cd0a5756d7275c8ba36790e5bd53e33.tar.gz"
      },
      "original": {
        "type": "tarball",
        "url": "https://github.com/NixOS/nixpkgs/archive/50eb7ecf4cd0a5756d7275c8ba36790e5bd53e33.tar.gz"
      }
    },
    "nixpkgs_2": {
      "locked": {
        "lastModified": 1717602782,
        "narHash": "sha256-pL9jeus5QpX5R+9rsp3hhZ+uplVHscNJh8n8VpqscM0=",
        "owner": "NixOS",
        "repo": "nixpkgs",
        "rev": "e8057b67ebf307f01bdcc8fba94d94f75039d1f6",
        "type": "github"
      },
      "original": {
        "owner": "NixOS",
        "ref": "nixos-unstable",
        "repo": "nixpkgs",
        "type": "github"
      }
    },
    "root": {
      "inputs": {
        "flake-utils": "flake-utils",
        "gen-luarc": "gen-luarc",
        "nixpkgs": "nixpkgs_2"
      }
    },
    "systems": {
      "locked": {
        "lastModified": 1681028828,
        "narHash": "sha256-Vy1rq5AaRuLzOxct8nz4T6wlgyUR7zLU309k9mBC768=",
        "owner": "nix-systems",
        "repo": "default",
        "rev": "da67096a3b9bf56a91d16901293e51ba5b49a27e",
        "type": "github"
      },
      "original": {
        "owner": "nix-systems",
        "repo": "default",
        "type": "github"
      }
    }
||||||| parent of 084a72f (Config migration)
=======
    "copilot": {
      "flake": false,
      "locked": {
        "lastModified": 1709095198,
        "narHash": "sha256-JX3sdsnOnjkY7r9fCtC2oauo0PXF3SQ+SHUo8ifBvAc=",
        "owner": "zbirenbaum",
        "repo": "copilot.lua",
        "rev": "f7612f5af4a7d7615babf43ab1e67a2d790c13a6",
        "type": "github"
      },
      "original": {
        "owner": "zbirenbaum",
        "repo": "copilot.lua",
        "type": "github"
      }
    },
    "copilot-cmp": {
      "flake": false,
      "locked": {
        "lastModified": 1694286652,
        "narHash": "sha256-srgNohm/aJpswNJ5+T7p+zi9Jinp9e5FA8/wdk6VRiY=",
        "owner": "zbirenbaum",
        "repo": "copilot-cmp",
        "rev": "72fbaa03695779f8349be3ac54fa8bd77eed3ee3",
        "type": "github"
      },
      "original": {
        "owner": "zbirenbaum",
        "repo": "copilot-cmp",
        "type": "github"
      }
    },
    "flake-utils": {
      "inputs": {
        "systems": "systems"
      },
      "locked": {
        "lastModified": 1710146030,
        "narHash": "sha256-SZ5L6eA7HJ/nmkzGG7/ISclqe6oZdOZTNoesiInkXPQ=",
        "owner": "numtide",
        "repo": "flake-utils",
        "rev": "b1d9ab70662946ef0850d488da1c9019f3a9752a",
        "type": "github"
      },
      "original": {
        "owner": "numtide",
        "repo": "flake-utils",
        "type": "github"
      }
    },
    "flake-utils_2": {
      "inputs": {
        "systems": "systems_2"
      },
      "locked": {
        "lastModified": 1710146030,
        "narHash": "sha256-SZ5L6eA7HJ/nmkzGG7/ISclqe6oZdOZTNoesiInkXPQ=",
        "owner": "numtide",
        "repo": "flake-utils",
        "rev": "b1d9ab70662946ef0850d488da1c9019f3a9752a",
        "type": "github"
      },
      "original": {
        "owner": "numtide",
        "repo": "flake-utils",
        "type": "github"
      }
    },
    "neogit": {
      "flake": false,
      "locked": {
        "lastModified": 1713512329,
        "narHash": "sha256-ddIwIOWcbrAhXCk3nKwi0gStqxE2xV4y/PMPuQl9aUg=",
        "owner": "NeogitOrg",
        "repo": "neogit",
        "rev": "5748a61f05e55838a362de5ce134440656e0d7bd",
        "type": "github"
      },
      "original": {
        "owner": "NeogitOrg",
        "ref": "nightly",
        "repo": "neogit",
        "type": "github"
      }
    },
    "neotest-vim-test": {
      "flake": false,
      "locked": {
        "lastModified": 1712145323,
        "narHash": "sha256-Im/LIld0ZNxiOx9Ss61X1cCNakIESx3p6Wx/d/8IlxM=",
        "owner": "vim-test",
        "repo": "vim-test",
        "rev": "8746ef06631293d7d47a6daccd95b0ed3e135494",
        "type": "github"
      },
      "original": {
        "owner": "vim-test",
        "repo": "vim-test",
        "type": "github"
      }
    },
    "neovim-nightly": {
      "inputs": {
        "flake-utils": "flake-utils_2",
        "nixpkgs": "nixpkgs"
      },
      "locked": {
        "dir": "contrib",
        "lastModified": 1713510711,
        "narHash": "sha256-crw3bmrp6zIdtLlhTlmG0dIIXQi5a8/XqKbPUWbfAiM=",
        "owner": "neovim",
        "repo": "neovim",
        "rev": "9319d97679053a219b1701d70abce414d0f6a8b0",
        "type": "github"
      },
      "original": {
        "dir": "contrib",
        "owner": "neovim",
        "repo": "neovim",
        "type": "github"
      }
    },
    "nixpkgs": {
      "locked": {
        "lastModified": 1712791164,
        "narHash": "sha256-3sbWO1mbpWsLepZGbWaMovSO7ndZeFqDSdX0hZ9nVyw=",
        "owner": "nixos",
        "repo": "nixpkgs",
        "rev": "1042fd8b148a9105f3c0aca3a6177fd1d9360ba5",
        "type": "github"
      },
      "original": {
        "owner": "nixos",
        "ref": "nixos-unstable",
        "repo": "nixpkgs",
        "type": "github"
      }
    },
    "nixpkgs_2": {
      "locked": {
        "lastModified": 1712963716,
        "narHash": "sha256-WKm9CvgCldeIVvRz87iOMi8CFVB1apJlkUT4GGvA0iM=",
        "owner": "NixOS",
        "repo": "nixpkgs",
        "rev": "cfd6b5fc90b15709b780a5a1619695a88505a176",
        "type": "github"
      },
      "original": {
        "owner": "NixOS",
        "ref": "nixos-unstable",
        "repo": "nixpkgs",
        "type": "github"
      }
    },
    "nougat": {
      "flake": false,
      "locked": {
        "lastModified": 1704667773,
        "narHash": "sha256-0IM2P0SVYidknOei67DFOL+aPGQVsqTdIgZnyUHo4AU=",
        "owner": "MunifTanjim",
        "repo": "nougat.nvim",
        "rev": "1c1cde6e53d7d7c2242d125fe67552b00e235876",
        "type": "github"
      },
      "original": {
        "owner": "MunifTanjim",
        "repo": "nougat.nvim",
        "type": "github"
      }
    },
    "nvim-luaref": {
      "flake": false,
      "locked": {
        "lastModified": 1645064202,
        "narHash": "sha256-nmsKg1Ah67fhGzevTFMlncwLX9gN0JkR7Woi0T5On34=",
        "owner": "milisims",
        "repo": "nvim-luaref",
        "rev": "9cd3ed50d5752ffd56d88dd9e395ddd3dc2c7127",
        "type": "github"
      },
      "original": {
        "owner": "milisims",
        "repo": "nvim-luaref",
        "type": "github"
      }
    },
    "reactive": {
      "flake": false,
      "locked": {
        "lastModified": 1713171747,
        "narHash": "sha256-W/2tcpIsjoxw1I8juMLTnzrZm2DBa2zihuT9pN7YVEM=",
        "owner": "rasulomaroff",
        "repo": "reactive.nvim",
        "rev": "d0063007a8700f41a2ba9de6ba36523917c55b51",
        "type": "github"
      },
      "original": {
        "owner": "rasulomaroff",
        "repo": "reactive.nvim",
        "type": "github"
      }
    },
    "root": {
      "inputs": {
        "copilot": "copilot",
        "copilot-cmp": "copilot-cmp",
        "flake-utils": "flake-utils",
        "neogit": "neogit",
        "neotest-vim-test": "neotest-vim-test",
        "neovim-nightly": "neovim-nightly",
        "nixpkgs": "nixpkgs_2",
        "nougat": "nougat",
        "nvim-luaref": "nvim-luaref",
        "reactive": "reactive",
        "screenkey": "screenkey",
        "statuscol": "statuscol",
        "telescope-frecency": "telescope-frecency",
        "tslint": "tslint"
      }
    },
    "screenkey": {
      "flake": false,
      "locked": {
        "lastModified": 1713476758,
        "narHash": "sha256-vhNzgz26HbjMrC4bNPjo67xdyypeU3TzmjTsJE5v2AE=",
        "owner": "NStefan002",
        "repo": "screenkey.nvim",
        "rev": "3ed8a01825258a79434b8d82f597eb833e2fcafc",
        "type": "github"
      },
      "original": {
        "owner": "NStefan002",
        "repo": "screenkey.nvim",
        "type": "github"
      }
    },
    "statuscol": {
      "flake": false,
      "locked": {
        "lastModified": 1708694945,
        "narHash": "sha256-yKXRX8dPOt/VyRAYdHkL8MeRqeHZ3hta8zZqlhfcFsU=",
        "owner": "luukvbaal",
        "repo": "statuscol.nvim",
        "rev": "d954893262a57a92e46edd87de67e2b3fe72305e",
        "type": "github"
      },
      "original": {
        "owner": "luukvbaal",
        "repo": "statuscol.nvim",
        "type": "github"
      }
    },
    "systems": {
      "locked": {
        "lastModified": 1681028828,
        "narHash": "sha256-Vy1rq5AaRuLzOxct8nz4T6wlgyUR7zLU309k9mBC768=",
        "owner": "nix-systems",
        "repo": "default",
        "rev": "da67096a3b9bf56a91d16901293e51ba5b49a27e",
        "type": "github"
      },
      "original": {
        "owner": "nix-systems",
        "repo": "default",
        "type": "github"
      }
    },
    "systems_2": {
      "locked": {
        "lastModified": 1681028828,
        "narHash": "sha256-Vy1rq5AaRuLzOxct8nz4T6wlgyUR7zLU309k9mBC768=",
        "owner": "nix-systems",
        "repo": "default",
        "rev": "da67096a3b9bf56a91d16901293e51ba5b49a27e",
        "type": "github"
      },
      "original": {
        "owner": "nix-systems",
        "repo": "default",
        "type": "github"
      }
    },
    "telescope-frecency": {
      "flake": false,
      "locked": {
        "lastModified": 1712406270,
        "narHash": "sha256-t/y7eFhozV6m/9slG1tHL1nVOV0EdbrBoqrNhDQdRJw=",
        "owner": "nvim-telescope",
        "repo": "telescope-frecency.nvim",
        "rev": "94a532cb9c4713db83acf5432f5aadfd096e2af9",
        "type": "github"
      },
      "original": {
        "owner": "nvim-telescope",
        "repo": "telescope-frecency.nvim",
        "type": "github"
      }
    },
    "tslint": {
      "flake": false,
      "locked": {
        "lastModified": 1616686898,
        "narHash": "sha256-+5N1lhMUgXifBNyNynk4Gx7HqmLLwMtcDw8FMnQ/kgk=",
        "owner": "palantir",
        "repo": "tslint",
        "rev": "285fc1db18d1fd24680d6a2282c6445abf1566ee",
        "type": "github"
      },
      "original": {
        "owner": "palantir",
        "repo": "tslint",
        "type": "github"
      }
    }
  },
  "root": "root",
  "version": 7
}
