{
  "nodes": {
    "blink-cmp": {
      "inputs": {
        "fenix": "fenix",
        "flake-parts": "flake-parts",
        "nixpkgs": "nixpkgs"
      },
      "locked": {
        "lastModified": 1769151562,
        "narHash": "sha256-28s+BWRW9krrAvCUqyMUHf8YXNkov3CmdWOFzei1cqs=",
        "ref": "refs/heads/main",
        "rev": "b137f63d89d0285ca76eed12e1923220e0aff8c1",
        "revCount": 1712,
        "type": "git",
        "url": "ssh://git@github.com/Saghen/blink.cmp"
      },
      "original": {
        "type": "git",
        "url": "ssh://git@github.com/Saghen/blink.cmp"
      }
    },
    "blink-compat": {
      "flake": false,
      "locked": {
        "lastModified": 1748464440,
        "narHash": "sha256-EMQC+2hjgAGYcBoSKkR5LV7jUsl3Oi8rL3K7FNIHXIw=",
        "ref": "refs/heads/main",
        "rev": "1454f14a8d855a578ceeba77c62538fa1459a67c",
        "revCount": 95,
        "type": "git",
        "url": "ssh://git@github.com/Saghen/blink.compat"
      },
      "original": {
        "type": "git",
        "url": "ssh://git@github.com/Saghen/blink.compat"
      }
    },
    "blink-copilot": {
      "flake": false,
      "locked": {
        "lastModified": 1761710825,
        "narHash": "sha256-cDvbUmnFZbPmU/HPISNV8zJV8WsH3COl3nGqgT5CbVQ=",
        "ref": "refs/heads/main",
        "rev": "7ad8209b2f880a2840c94cdcd80ab4dc511d4f39",
        "revCount": 60,
        "type": "git",
        "url": "ssh://git@github.com/fang2hou/blink-copilot"
      },
      "original": {
        "type": "git",
        "url": "ssh://git@github.com/fang2hou/blink-copilot"
      }
    },
    "bqf": {
      "flake": false,
      "locked": {
        "lastModified": 1768137783,
        "narHash": "sha256-9LlDewveAy5+QPW++JBhxTvCxfCY8hjdJNT919ZH87w=",
        "ref": "refs/heads/main",
        "rev": "daa1a130632dc2b05a9a73538bac058dfa4e0b86",
        "revCount": 339,
        "type": "git",
        "url": "ssh://git@github.com/kevinhwang91/nvim-bqf"
      },
      "original": {
        "type": "git",
        "url": "ssh://git@github.com/kevinhwang91/nvim-bqf"
      }
    },
    "codecompanion": {
      "flake": false,
      "locked": {
        "lastModified": 1769455178,
        "narHash": "sha256-8tV4W8rKVUFlsyFiN5tqHmu3VyqFQ43ZYcjBJtecwGE=",
        "ref": "refs/heads/main",
        "rev": "f61dbb22439386585a514d15be713c355f830e49",
        "revCount": 2637,
        "type": "git",
        "url": "ssh://git@github.com/olimorris/codecompanion.nvim"
      },
      "original": {
        "type": "git",
        "url": "ssh://git@github.com/olimorris/codecompanion.nvim"
      }
    },
    "copilot": {
      "flake": false,
      "locked": {
        "lastModified": 1769474097,
        "narHash": "sha256-jiGti1tLmxlBvM7xEO4TvZUVgKusCAwk9yvUWsOgCsU=",
        "ref": "refs/heads/master",
        "rev": "2ede0808fa8dace39ea2a0f09b7bc6583655b730",
        "revCount": 547,
        "type": "git",
        "url": "ssh://git@github.com/zbirenbaum/copilot.lua"
      },
      "original": {
        "type": "git",
        "url": "ssh://git@github.com/zbirenbaum/copilot.lua"
      }
    },
    "csvview": {
      "flake": false,
      "locked": {
        "lastModified": 1769239174,
        "narHash": "sha256-rKJA8Kd7MMZwB1/vjrGCU/Aiya4aTRFA4EX10+FEc2Q=",
        "ref": "refs/heads/main",
        "rev": "8d068c526ab5ade68226de036d533298cd93a399",
        "revCount": 125,
        "type": "git",
        "url": "ssh://git@github.com/hat0uma/csvview.nvim"
      },
      "original": {
        "type": "git",
        "url": "ssh://git@github.com/hat0uma/csvview.nvim"
      }
    },
    "dap-view": {
      "flake": false,
      "locked": {
        "lastModified": 1769486194,
        "narHash": "sha256-GxfqXh9CaSljF/ypbC3dMvwBKwOQ/x1Oq5zrrXw04Zs=",
        "ref": "refs/heads/main",
        "rev": "bd67e84de295455a5cd994b8f227438e8c696ea9",
        "revCount": 428,
        "type": "git",
        "url": "ssh://git@github.com/igorlfs/nvim-dap-view"
      },
      "original": {
        "type": "git",
        "url": "ssh://git@github.com/igorlfs/nvim-dap-view"
      }
    },
    "demicolon": {
      "flake": false,
      "locked": {
        "lastModified": 1769333814,
        "narHash": "sha256-jDvdyAT2lngYDSDw4c+zziUYUuNeET0FBWJA+IeD2Ts=",
        "ref": "refs/heads/main",
        "rev": "a9ca137474b3a02e1d6ac48bfdb1985172e2ec9a",
        "revCount": 87,
        "type": "git",
        "url": "ssh://git@github.com/mawkler/demicolon.nvim"
      },
      "original": {
        "type": "git",
        "url": "ssh://git@github.com/mawkler/demicolon.nvim"
      }
    },
    "dial": {
      "flake": false,
      "locked": {
        "lastModified": 1766327587,
        "narHash": "sha256-J2HU746yz8iHos7od5kIdEUd4/bgAPGwC38fLZ4gK+E=",
        "ref": "refs/heads/master",
        "rev": "f2634758455cfa52a8acea6f142dcd6271a1bf57",
        "revCount": 270,
        "type": "git",
        "url": "ssh://git@github.com/monaqa/dial.nvim"
      },
      "original": {
        "type": "git",
        "url": "ssh://git@github.com/monaqa/dial.nvim"
      }
    },
    "eyeliner": {
      "flake": false,
      "locked": {
        "lastModified": 1727476631,
        "narHash": "sha256-qOMToZtBd39mdFZEr5WfIkHj+7TWeCPy2GJdIN+qOic=",
        "ref": "refs/heads/main",
        "rev": "8f197eb30cecdf4c2cc9988a5eecc6bc34c0c7d6",
        "revCount": 144,
        "type": "git",
        "url": "ssh://git@github.com/jinh0/eyeliner.nvim"
      },
      "original": {
        "type": "git",
        "url": "ssh://git@github.com/jinh0/eyeliner.nvim"
      }
    },
    "faster": {
      "flake": false,
      "locked": {
        "lastModified": 1757426882,
        "narHash": "sha256-jFOIG7SQy0sIhEOSmt47f6kGye+ge5Oq3UDwm1bXPqo=",
        "ref": "refs/heads/main",
        "rev": "2e7a50f659711854b9a7fdc76d943b59b30d7852",
        "revCount": 22,
        "type": "git",
        "url": "ssh://git@github.com/pteroctopus/faster.nvim"
      },
      "original": {
        "type": "git",
        "url": "ssh://git@github.com/pteroctopus/faster.nvim"
      }
    },
    "fenix": {
      "inputs": {
        "nixpkgs": [
          "blink-cmp",
          "nixpkgs"
        ],
        "rust-analyzer-src": "rust-analyzer-src"
      },
      "locked": {
        "lastModified": 1761028747,
        "narHash": "sha256-UqCbRuqnsVURCB0hLZL9SwFNDNftIE1Zxj7Ykf1aRj4=",
        "owner": "nix-community",
        "repo": "fenix",
        "rev": "1dd37dd710195936f675eb0d36cf284806f99a94",
        "type": "github"
      },
      "original": {
        "owner": "nix-community",
        "repo": "fenix",
        "type": "github"
      }
    },
    "fidget": {
      "flake": false,
      "locked": {
        "lastModified": 1768329414,
        "narHash": "sha256-Zap4UVicIvCaPqCMgdlnEAGbMzq1xM4uGpVqZL1iju0=",
        "ref": "refs/heads/main",
        "rev": "7fa433a83118a70fe24c1ce88d5f0bd3453c0970",
        "revCount": 334,
        "type": "git",
        "url": "ssh://git@github.com/j-hui/fidget.nvim"
      },
      "original": {
        "type": "git",
        "url": "ssh://git@github.com/j-hui/fidget.nvim"
      }
    },
    "flake-compat": {
      "flake": false,
      "locked": {
        "lastModified": 1696426674,
        "narHash": "sha256-kvjfFW7WAETZlt09AgDn1MrtKzP7t90Vf7vypd3OL1U=",
        "owner": "edolstra",
        "repo": "flake-compat",
        "rev": "0f9255e01c2351cc7d116c072cb317785dd33b33",
        "type": "github"
      },
      "original": {
        "owner": "edolstra",
        "repo": "flake-compat",
        "type": "github"
      }
    },
    "flake-compat_2": {
      "flake": false,
      "locked": {
        "lastModified": 1641205782,
        "narHash": "sha256-4jY7RCWUoZ9cKD8co0/4tFARpWB+57+r1bLLvXNJliY=",
        "owner": "edolstra",
        "repo": "flake-compat",
        "rev": "b7547d3eed6f32d06102ead8991ec52ab0a4f1a7",
        "type": "github"
      },
      "original": {
        "owner": "edolstra",
        "repo": "flake-compat",
        "type": "github"
      }
    },
    "flake-compat_3": {
      "flake": false,
      "locked": {
        "lastModified": 1641205782,
        "narHash": "sha256-4jY7RCWUoZ9cKD8co0/4tFARpWB+57+r1bLLvXNJliY=",
        "owner": "edolstra",
        "repo": "flake-compat",
        "rev": "b7547d3eed6f32d06102ead8991ec52ab0a4f1a7",
        "type": "github"
      },
      "original": {
        "owner": "edolstra",
        "repo": "flake-compat",
        "type": "github"
      }
    },
    "flake-parts": {
      "inputs": {
        "nixpkgs-lib": "nixpkgs-lib"
      },
      "locked": {
        "lastModified": 1733312601,
        "narHash": "sha256-4pDvzqnegAfRkPwO3wmwBhVi/Sye1mzps0zHWYnP88c=",
        "owner": "hercules-ci",
        "repo": "flake-parts",
        "rev": "205b12d8b7cd4802fbcb8e8ef6a0f1408781a4f9",
        "type": "github"
      },
      "original": {
        "owner": "hercules-ci",
        "repo": "flake-parts",
        "type": "github"
      }
    },
    "flake-parts_2": {
      "inputs": {
        "nixpkgs-lib": [
          "nixpkgs"
        ]
      },
      "locked": {
        "lastModified": 1768135262,
        "narHash": "sha256-PVvu7OqHBGWN16zSi6tEmPwwHQ4rLPU9Plvs8/1TUBY=",
        "ref": "refs/heads/main",
        "rev": "80daad04eddbbf5a4d883996a73f3f542fa437ac",
        "revCount": 435,
        "type": "git",
        "url": "ssh://git@github.com/hercules-ci/flake-parts"
      },
      "original": {
        "type": "git",
        "url": "ssh://git@github.com/hercules-ci/flake-parts"
      }
    },
    "flake-parts_3": {
      "inputs": {
        "nixpkgs-lib": "nixpkgs-lib_2"
      },
      "locked": {
        "lastModified": 1717285511,
        "narHash": "sha256-iKzJcpdXih14qYVcZ9QC9XuZYnPc6T8YImb6dX166kw=",
        "owner": "hercules-ci",
        "repo": "flake-parts",
        "rev": "2a55567fcf15b1b1c7ed712a2c6fadaec7412ea8",
        "type": "github"
      },
      "original": {
        "owner": "hercules-ci",
        "repo": "flake-parts",
        "type": "github"
      }
    },
    "flake-parts_4": {
      "inputs": {
        "nixpkgs-lib": [
          "mcp-hub",
          "nixpkgs"
        ]
      },
      "locked": {
        "lastModified": 1743550720,
        "narHash": "sha256-hIshGgKZCgWh6AYJpJmRgFdR3WUbkY04o82X05xqQiY=",
        "owner": "hercules-ci",
        "repo": "flake-parts",
        "rev": "c621e8422220273271f52058f618c94e405bb0f5",
        "type": "github"
      },
      "original": {
        "owner": "hercules-ci",
        "repo": "flake-parts",
        "type": "github"
      }
    },
    "flake-parts_5": {
      "inputs": {
        "nixpkgs-lib": [
          "mcp-hub-nvim",
          "nixpkgs"
        ]
      },
      "locked": {
        "lastModified": 1743550720,
        "narHash": "sha256-hIshGgKZCgWh6AYJpJmRgFdR3WUbkY04o82X05xqQiY=",
        "owner": "hercules-ci",
        "repo": "flake-parts",
        "rev": "c621e8422220273271f52058f618c94e405bb0f5",
        "type": "github"
      },
      "original": {
        "owner": "hercules-ci",
        "repo": "flake-parts",
        "type": "github"
      }
    },
    "flake-parts_6": {
      "inputs": {
        "nixpkgs-lib": [
          "neovim-nightly",
          "nixpkgs"
        ]
      },
      "locked": {
        "lastModified": 1768135262,
        "narHash": "sha256-PVvu7OqHBGWN16zSi6tEmPwwHQ4rLPU9Plvs8/1TUBY=",
        "owner": "hercules-ci",
        "repo": "flake-parts",
        "rev": "80daad04eddbbf5a4d883996a73f3f542fa437ac",
        "type": "github"
      },
      "original": {
        "owner": "hercules-ci",
        "repo": "flake-parts",
        "type": "github"
      }
    },
    "flake-utils": {
      "inputs": {
        "systems": "systems"
      },
      "locked": {
        "lastModified": 1731533236,
        "narHash": "sha256-l0KFg5HjrsfsO/JpG+r7fRrqm12kzFHyUHqHCVpMMbI=",
        "owner": "numtide",
        "repo": "flake-utils",
        "rev": "11707dc2f618dd54ca8739b309ec4fc024de578b",
        "type": "github"
      },
      "original": {
        "owner": "numtide",
        "repo": "flake-utils",
        "type": "github"
      }
    },
    "flake-utils_2": {
      "locked": {
        "lastModified": 1644229661,
        "narHash": "sha256-1YdnJAsNy69bpcjuoKdOYQX0YxZBiCYZo4Twxerqv7k=",
        "owner": "numtide",
        "repo": "flake-utils",
        "rev": "3cecb5b042f7f209c56ffd8371b2711a290ec797",
        "type": "github"
      },
      "original": {
        "owner": "numtide",
        "repo": "flake-utils",
        "type": "github"
      }
    },
    "flake-utils_3": {
      "locked": {
        "lastModified": 1644229661,
        "narHash": "sha256-1YdnJAsNy69bpcjuoKdOYQX0YxZBiCYZo4Twxerqv7k=",
        "owner": "numtide",
        "repo": "flake-utils",
        "rev": "3cecb5b042f7f209c56ffd8371b2711a290ec797",
        "type": "github"
      },
      "original": {
        "owner": "numtide",
        "repo": "flake-utils",
        "type": "github"
      }
    },
    "gen-luarc": {
      "inputs": {
        "flake-parts": "flake-parts_3",
        "git-hooks": "git-hooks",
        "luvit-meta": "luvit-meta",
        "nixpkgs": [
          "nixpkgs"
        ]
      },
      "locked": {
        "lastModified": 1755304025,
        "narHash": "sha256-xVKfjFwc0zMbLMjLTiHz+0llggkjs93SmHkhaa9S3M4=",
        "ref": "refs/heads/main",
        "rev": "1865b0ebb753ae5324d7381b1fa8c98c04ec7509",
        "revCount": 18,
        "type": "git",
        "url": "ssh://git@github.com/mrcjkb/nix-gen-luarc-json"
      },
      "original": {
        "type": "git",
        "url": "ssh://git@github.com/mrcjkb/nix-gen-luarc-json"
      }
    },
    "git-hooks": {
      "inputs": {
        "flake-compat": "flake-compat",
        "gitignore": "gitignore",
        "nixpkgs": [
          "gen-luarc",
          "nixpkgs"
        ],
        "nixpkgs-stable": "nixpkgs-stable"
      },
      "locked": {
        "lastModified": 1723803910,
        "narHash": "sha256-yezvUuFiEnCFbGuwj/bQcqg7RykIEqudOy/RBrId0pc=",
        "owner": "cachix",
        "repo": "git-hooks.nix",
        "rev": "bfef0ada09e2c8ac55bbcd0831bd0c9d42e651ba",
        "type": "github"
      },
      "original": {
        "owner": "cachix",
        "repo": "git-hooks.nix",
        "type": "github"
      }
    },
    "gitignore": {
      "inputs": {
        "nixpkgs": [
          "gen-luarc",
          "git-hooks",
          "nixpkgs"
        ]
      },
      "locked": {
        "lastModified": 1709087332,
        "narHash": "sha256-HG2cCnktfHsKV0s4XW83gU3F57gaTljL9KNSuG6bnQs=",
        "owner": "hercules-ci",
        "repo": "gitignore.nix",
        "rev": "637db329424fd7e46cf4185293b9cc8c88c95394",
        "type": "github"
      },
      "original": {
        "owner": "hercules-ci",
        "repo": "gitignore.nix",
        "type": "github"
      }
    },
    "gitsigns": {
      "flake": false,
      "locked": {
        "lastModified": 1768948049,
        "narHash": "sha256-J9BvYVydeeoBj5Op+jGcI+i3IppdpoZ9jHbod0X1JFo=",
        "ref": "refs/heads/main",
        "rev": "abf82a65f185bd54adc0679f74b7d6e1ada690c9",
        "revCount": 1188,
        "type": "git",
        "url": "ssh://git@github.com/lewis6991/gitsigns.nvim"
      },
      "original": {
        "type": "git",
        "url": "ssh://git@github.com/lewis6991/gitsigns.nvim"
      }
    },
    "helpview": {
      "flake": false,
      "locked": {
        "lastModified": 1758904750,
        "narHash": "sha256-Utcdm/9nAIfIx6oOXHgArS59/oTAOPg+wK+4/Z3TQUQ=",
        "ref": "refs/heads/main",
        "rev": "518789535a0cb146224a428edf93a70f98b795db",
        "revCount": 97,
        "type": "git",
        "url": "ssh://git@github.com/OXY2DEV/helpview.nvim"
      },
      "original": {
        "type": "git",
        "url": "ssh://git@github.com/OXY2DEV/helpview.nvim"
      }
    },
    "hover": {
      "flake": false,
      "locked": {
        "lastModified": 1755616842,
        "narHash": "sha256-PWOgGP/4TJyUxD7usb2gQxotfXHYKUn3pJRTvDRNxtk=",
        "ref": "refs/heads/main",
        "rev": "24a43e0eda924f1f32361c76ee9a1f0e8cc25650",
        "revCount": 103,
        "type": "git",
        "url": "ssh://git@github.com/lewis6991/hover.nvim"
      },
      "original": {
        "rev": "24a43e0eda924f1f32361c76ee9a1f0e8cc25650",
        "type": "git",
        "url": "ssh://git@github.com/lewis6991/hover.nvim"
      }
    },
    "lazydev": {
      "flake": false,
      "locked": {
        "lastModified": 1762423570,
        "narHash": "sha256-1g1PLFR3bc++NimbrRpoOMZyqYWHeX6pDoxsiuoJHus=",
        "ref": "refs/heads/main",
        "rev": "5231c62aa83c2f8dc8e7ba957aa77098cda1257d",
        "revCount": 164,
        "type": "git",
        "url": "ssh://git@github.com/folke/lazydev.nvim"
      },
      "original": {
        "type": "git",
        "url": "ssh://git@github.com/folke/lazydev.nvim"
      }
    },
    "lualine": {
      "flake": false,
      "locked": {
        "lastModified": 1763865090,
        "narHash": "sha256-OpLZH+sL5cj2rcP5/T+jDOnuxd1QWLHCt2RzloffZOA=",
        "ref": "refs/heads/master",
        "rev": "47f91c416daef12db467145e16bed5bbfe00add8",
        "revCount": 763,
        "type": "git",
        "url": "ssh://git@github.com/nvim-lualine/lualine.nvim"
      },
      "original": {
        "type": "git",
        "url": "ssh://git@github.com/nvim-lualine/lualine.nvim"
      }
    },
    "luasnip": {
      "flake": false,
      "locked": {
        "lastModified": 1746565566,
        "narHash": "sha256-FtDpvgbtKN9PN1cPXU0jdxj9VdScRE9W7P6d9rVftRQ=",
        "ref": "refs/tags/v2.4.0",
        "rev": "458560534a73f7f8d7a11a146c801db00b081df0",
        "revCount": 2244,
        "type": "git",
        "url": "ssh://git@github.com/L3MON4D3/LuaSnip.git"
      },
      "original": {
        "ref": "refs/tags/v2.4.0",
        "type": "git",
        "url": "ssh://git@github.com/L3MON4D3/LuaSnip.git"
      }
    },
    "luvit-meta": {
      "flake": false,
      "locked": {
        "lastModified": 1705776742,
        "narHash": "sha256-zAAptV/oLuLAAsa2zSB/6fxlElk4+jNZd/cPr9oxFig=",
        "owner": "Bilal2453",
        "repo": "luvit-meta",
        "rev": "ce76f6f6cdc9201523a5875a4471dcfe0186eb60",
        "type": "github"
      },
      "original": {
        "owner": "Bilal2453",
        "repo": "luvit-meta",
        "type": "github"
      }
    },
    "luvit-meta_2": {
      "flake": false,
      "locked": {
        "lastModified": 1758562142,
        "narHash": "sha256-k4QzhL5pUFwX9H3p7voZ5FD6wOaUQHg75xBuHwWxal4=",
        "ref": "refs/heads/main",
        "rev": "0ea4ff636c5bb559ffa78108561d0976f4de9682",
        "revCount": 178,
        "type": "git",
        "url": "ssh://git@github.com/Bilal2453/luvit-meta"
      },
      "original": {
        "type": "git",
        "url": "ssh://git@github.com/Bilal2453/luvit-meta"
      }
    },
    "marks": {
      "flake": false,
      "locked": {
        "lastModified": 1747179163,
        "narHash": "sha256-ho2b2Ulh+GTqY0QvW7zjFOSlF5g/kaxWyOjKWhTFq7c=",
        "ref": "refs/heads/master",
        "rev": "f353e8c08c50f39e99a9ed474172df7eddd89b72",
        "revCount": 70,
        "type": "git",
        "url": "ssh://git@github.com/chentoast/marks.nvim"
      },
      "original": {
        "type": "git",
        "url": "ssh://git@github.com/chentoast/marks.nvim"
      }
    },
    "markview": {
      "flake": false,
      "locked": {
        "lastModified": 1769165543,
        "narHash": "sha256-CoPfVkPWh5neyIT1rVEHMLo7532lWvbv0Gg/27D0PHw=",
        "ref": "refs/heads/main",
        "rev": "c81ce9ed129387fc5fdec91abe9818a1b0e6fcac",
        "revCount": 869,
        "type": "git",
        "url": "ssh://git@github.com/OXY2DEV/markview.nvim"
      },
      "original": {
        "type": "git",
        "url": "ssh://git@github.com/OXY2DEV/markview.nvim"
      }
    },
    "mcp-hub": {
      "inputs": {
        "flake-parts": "flake-parts_4",
        "nixpkgs": "nixpkgs_2"
      },
      "locked": {
        "lastModified": 1755841689,
        "narHash": "sha256-KakvXZf0vjdqzyT+LsAKHEr4GLICGXPmxl1hZ3tI7Yg=",
        "ref": "refs/heads/main",
        "rev": "9c7670a4c341ed3cf738a6242c0fde1cea40bccf",
        "revCount": 227,
        "type": "git",
        "url": "ssh://git@github.com/ravitemer/mcp-hub"
      },
      "original": {
        "type": "git",
        "url": "ssh://git@github.com/ravitemer/mcp-hub"
      }
    },
    "mcp-hub-nvim": {
      "inputs": {
        "flake-parts": "flake-parts_5",
        "nixpkgs": "nixpkgs_3"
      },
      "locked": {
        "lastModified": 1768730387,
        "narHash": "sha256-g9tPvjThz6EUk7zcY7lL+YH4lrT4x3FJ6jrNMHA8PAE=",
        "ref": "refs/heads/main",
        "rev": "7cd5db330f41b7bae02b2d6202218a061c3ebc1f",
        "revCount": 407,
        "type": "git",
        "url": "ssh://git@github.com/ravitemer/mcphub.nvim"
      },
      "original": {
        "type": "git",
        "url": "ssh://git@github.com/ravitemer/mcphub.nvim"
      }
    },
    "mini-diff": {
      "flake": false,
      "locked": {
        "lastModified": 1767024095,
        "narHash": "sha256-Sfc6yat/L0C+vGcavQ9gbL8/3TpWif/f++OtEjBXcuE=",
        "ref": "refs/heads/main",
        "rev": "6010e588e9ed14724880f244d7fa3df8f0be3f46",
        "revCount": 51,
        "type": "git",
        "url": "ssh://git@github.com/echasnovski/mini.diff"
      },
      "original": {
        "type": "git",
        "url": "ssh://git@github.com/echasnovski/mini.diff"
      }
    },
    "mini-git": {
      "flake": false,
      "locked": {
        "lastModified": 1767543044,
        "narHash": "sha256-+7F2aq0GayK0Q+UstjmQ7QYpbu+FElAfolhqFVGgUzM=",
        "ref": "refs/heads/main",
        "rev": "df3881fec1d2fd7f8b9334821861de511e71f69e",
        "revCount": 39,
        "type": "git",
        "url": "ssh://git@github.com/echasnovski/mini-git"
      },
      "original": {
        "type": "git",
        "url": "ssh://git@github.com/echasnovski/mini-git"
      }
    },
    "mini-hipatterns": {
      "flake": false,
      "locked": {
        "lastModified": 1762511194,
        "narHash": "sha256-FkpBYOKzDG3f3DttViAp7V9pj6EUppYKbZBah8L8Agk=",
        "ref": "refs/heads/main",
        "rev": "add8d8abad602787377ec5d81f6b248605828e0f",
        "revCount": 42,
        "type": "git",
        "url": "ssh://git@github.com/echasnovski/mini.hipatterns"
      },
      "original": {
        "type": "git",
        "url": "ssh://git@github.com/echasnovski/mini.hipatterns"
      }
    },
    "mini-icons": {
      "flake": false,
      "locked": {
        "lastModified": 1767024095,
        "narHash": "sha256-qxUA0Rq1wMqb/Vti+2D5BVEZEwttYH4+h/+pvV2pagE=",
        "ref": "refs/heads/main",
        "rev": "efc85e42262cd0c9e1fdbf806c25cb0be6de115c",
        "revCount": 55,
        "type": "git",
        "url": "ssh://git@github.com/echasnovski/mini.icons"
      },
      "original": {
        "type": "git",
        "url": "ssh://git@github.com/echasnovski/mini.icons"
      }
    },
    "mini-pairs": {
      "flake": false,
      "locked": {
        "lastModified": 1769088954,
        "narHash": "sha256-Jk07sduupX6cJqWnULHH7keWnBCb/go2wuwMJs3q748=",
        "ref": "refs/heads/main",
        "rev": "4089aa6ea6423e02e1a8326a7a7a00159f6f5e04",
        "revCount": 47,
        "type": "git",
        "url": "ssh://git@github.com/echasnovski/mini.pairs"
      },
      "original": {
        "type": "git",
        "url": "ssh://git@github.com/echasnovski/mini.pairs"
      }
    },
    "mini-starter": {
      "flake": false,
      "locked": {
        "lastModified": 1762188609,
        "narHash": "sha256-rT/rQqCaba+eX7XDf6swRZGe9Z9YFM8ris2ltEVH+ts=",
        "ref": "refs/heads/main",
        "rev": "8ee6ce6a4c9be47682516908557cc062c4d595a2",
        "revCount": 62,
        "type": "git",
        "url": "ssh://git@github.com/echasnovski/mini.starter"
      },
      "original": {
        "type": "git",
        "url": "ssh://git@github.com/echasnovski/mini.starter"
      }
    },
    "mini-surround": {
      "flake": false,
      "locked": {
        "lastModified": 1768672839,
        "narHash": "sha256-GvUHOPoyE8p12fmfuvnUOEvxhuqF7bmPM2PPdyeoiWk=",
        "ref": "refs/heads/main",
        "rev": "f9358544ed06bc10197e698b7fc8dc5963be3f4b",
        "revCount": 89,
        "type": "git",
        "url": "ssh://git@github.com/echasnovski/mini.surround"
      },
      "original": {
        "type": "git",
        "url": "ssh://git@github.com/echasnovski/mini.surround"
      }
    },
    "neogit": {
      "flake": false,
      "locked": {
        "lastModified": 1769255787,
        "narHash": "sha256-tvIJEHv/R8I1W3FBAwZHmn92JgiibqQtR75V9wQFSsE=",
        "ref": "master",
        "rev": "73870229977fdd8747025820e15e98cfde787b9c",
        "revCount": 4592,
        "type": "git",
        "url": "ssh://git@github.com/NeogitOrg/neogit"
      },
      "original": {
        "ref": "master",
        "type": "git",
        "url": "ssh://git@github.com/NeogitOrg/neogit"
      }
    },
    "neorg": {
      "flake": false,
      "locked": {
        "lastModified": 1769096583,
        "narHash": "sha256-f2CSo9E/kqzZIJ6esgxHJFwrceLUAZt/veIHQsetzO4=",
        "owner": "nvim-neorg",
        "repo": "neorg",
        "rev": "f81b9d2c770b92d9bd28c85975da7d301da33882",
        "type": "github"
      },
      "original": {
        "owner": "nvim-neorg",
        "repo": "neorg",
        "type": "github"
      }
    },
    "neorg-overlay": {
      "inputs": {
        "flake-utils": "flake-utils",
        "neorg": "neorg",
        "neorg-telescope": "neorg-telescope",
        "nixpkgs": [
          "nixpkgs"
        ],
        "norg": "norg",
        "norg-meta": "norg-meta"
      },
      "locked": {
        "lastModified": 1769489167,
        "narHash": "sha256-JflC29VKublgb04mWmjwd0NR13DEUVyESWnp1DozO1w=",
        "ref": "refs/heads/main",
        "rev": "4211b5d0870e4dd71731a1109fc6fcea5767c02e",
        "revCount": 2308,
        "type": "git",
        "url": "ssh://git@github.com/nvim-neorg/nixpkgs-neorg-overlay"
      },
      "original": {
        "type": "git",
        "url": "ssh://git@github.com/nvim-neorg/nixpkgs-neorg-overlay"
      }
    },
    "neorg-telescope": {
      "flake": false,
      "locked": {
        "lastModified": 1744866747,
        "narHash": "sha256-tvbskEQ3+uOUlGKdqAFMlbF5Vw0A08XTwuWEs2aP64o=",
        "owner": "nvim-neorg",
        "repo": "neorg-telescope",
        "rev": "7fb6ca6a632c3c095601d379a664c0c1f802dc6c",
        "type": "github"
      },
      "original": {
        "owner": "nvim-neorg",
        "repo": "neorg-telescope",
        "type": "github"
      }
    },
    "neotest": {
      "flake": false,
      "locked": {
        "lastModified": 1754633490,
        "narHash": "sha256-7CZ1BN9sxOQsn+6wPfdboMTYXeOf7Z98HjhQeqVMo0U=",
        "ref": "refs/heads/master",
        "rev": "52fca6717ef972113ddd6ca223e30ad0abb2800c",
        "revCount": 395,
        "type": "git",
        "url": "ssh://git@github.com/nvim-neotest/neotest"
      },
      "original": {
        "rev": "52fca6717ef972113ddd6ca223e30ad0abb2800c",
        "type": "git",
        "url": "ssh://git@github.com/nvim-neotest/neotest"
      }
    },
    "neotest-jest": {
      "flake": false,
      "locked": {
        "lastModified": 1766870034,
        "narHash": "sha256-LOD9G3iArygBAQwKhfN8ACyz7ucO05bLU1I8+UKSEnA=",
        "ref": "refs/heads/main",
        "rev": "3f0cc2cff1ee05394081805c622dc2551b54d8c4",
        "revCount": 165,
        "type": "git",
        "url": "ssh://git@github.com/nvim-neotest/neotest-jest"
      },
      "original": {
        "type": "git",
        "url": "ssh://git@github.com/nvim-neotest/neotest-jest"
      }
    },
    "neotest-mocha": {
      "flake": false,
      "locked": {
        "lastModified": 1760986330,
        "narHash": "sha256-AOYGXgehSTC2y0loKZkBa4UJdraQAzTXJ1U3CSQnMA8=",
        "ref": "refs/heads/main",
        "rev": "bf24f5ba9bbb35ba5156b9642bccb80b8cc80eb0",
        "revCount": 32,
        "type": "git",
        "url": "ssh://git@github.com/adrigzr/neotest-mocha"
      },
      "original": {
        "type": "git",
        "url": "ssh://git@github.com/adrigzr/neotest-mocha"
      }
    },
    "neotest-vitest": {
      "flake": false,
      "locked": {
        "lastModified": 1766446106,
        "narHash": "sha256-XpiZ95MhjIS99dBrNFfq8SfggdIeEFfOSu3THgmX3+s=",
        "ref": "refs/heads/main",
        "rev": "f01addc6f07b79ef1be5f4297eafbee9e0959018",
        "revCount": 49,
        "type": "git",
        "url": "ssh://git@github.com/marilari88/neotest-vitest"
      },
      "original": {
        "type": "git",
        "url": "ssh://git@github.com/marilari88/neotest-vitest"
      }
    },
    "neovim-nightly": {
      "inputs": {
        "flake-parts": "flake-parts_6",
        "neovim-src": "neovim-src",
        "nixpkgs": [
          "nixpkgs"
        ]
      },
      "locked": {
        "lastModified": 1769558677,
        "narHash": "sha256-Fm3HxKGYbZXI2vktMAU7ODLMzkq6X9x20cd8A9wb4cY=",
        "ref": "refs/heads/master",
        "rev": "895a9a1b269f662da852832bde52863882c7a253",
        "revCount": 2211,
        "type": "git",
        "url": "ssh://git@github.com/nix-community/neovim-nightly-overlay"
      },
      "original": {
        "type": "git",
        "url": "ssh://git@github.com/nix-community/neovim-nightly-overlay"
      }
    },
    "neovim-src": {
      "flake": false,
      "locked": {
        "lastModified": 1769556336,
        "narHash": "sha256-Ex7TnHo8DQLGpLB9OdrCMaqsHIlnSYNUx1cJOR+HfO8=",
        "owner": "neovim",
        "repo": "neovim",
        "rev": "027b7d6bbb4f164b95f1588b250a02020d85b029",
        "type": "github"
      },
      "original": {
        "owner": "neovim",
        "repo": "neovim",
        "type": "github"
      }
    },
    "nixpkgs": {
      "locked": {
        "lastModified": 1736166416,
        "narHash": "sha256-U47xeACNBpkSO6IcCm0XvahsVXpJXzjPIQG7TZlOToU=",
        "owner": "nixos",
        "repo": "nixpkgs",
        "rev": "b30f97d8c32d804d2d832ee837d0f1ca0695faa5",
        "type": "github"
      },
      "original": {
        "owner": "nixos",
        "ref": "nixpkgs-unstable",
        "repo": "nixpkgs",
        "type": "github"
      }
    },
    "nixpkgs-lib": {
      "locked": {
        "lastModified": 1733096140,
        "narHash": "sha256-1qRH7uAUsyQI7R1Uwl4T+XvdNv778H0Nb5njNrqvylY=",
        "type": "tarball",
        "url": "https://github.com/NixOS/nixpkgs/archive/5487e69da40cbd611ab2cadee0b4637225f7cfae.tar.gz"
      },
      "original": {
        "type": "tarball",
        "url": "https://github.com/NixOS/nixpkgs/archive/5487e69da40cbd611ab2cadee0b4637225f7cfae.tar.gz"
      }
    },
    "nixpkgs-lib_2": {
      "locked": {
        "lastModified": 1717284937,
        "narHash": "sha256-lIbdfCsf8LMFloheeE6N31+BMIeixqyQWbSr2vk79EQ=",
        "type": "tarball",
        "url": "https://github.com/NixOS/nixpkgs/archive/eb9ceca17df2ea50a250b6b27f7bf6ab0186f198.tar.gz"
      },
      "original": {
        "type": "tarball",
        "url": "https://github.com/NixOS/nixpkgs/archive/eb9ceca17df2ea50a250b6b27f7bf6ab0186f198.tar.gz"
      }
    },
    "nixpkgs-stable": {
      "locked": {
        "lastModified": 1720386169,
        "narHash": "sha256-NGKVY4PjzwAa4upkGtAMz1npHGoRzWotlSnVlqI40mo=",
        "owner": "NixOS",
        "repo": "nixpkgs",
        "rev": "194846768975b7ad2c4988bdb82572c00222c0d7",
        "type": "github"
      },
      "original": {
        "owner": "NixOS",
        "ref": "nixos-24.05",
        "repo": "nixpkgs",
        "type": "github"
      }
    },
    "nixpkgs_2": {
      "locked": {
        "lastModified": 1743689281,
        "narHash": "sha256-y7Hg5lwWhEOgflEHRfzSH96BOt26LaYfrYWzZ+VoVdg=",
        "owner": "NixOS",
        "repo": "nixpkgs",
        "rev": "2bfc080955153be0be56724be6fa5477b4eefabb",
        "type": "github"
      },
      "original": {
        "owner": "NixOS",
        "ref": "nixpkgs-unstable",
        "repo": "nixpkgs",
        "type": "github"
      }
    },
    "nixpkgs_3": {
      "locked": {
        "lastModified": 1745377448,
        "narHash": "sha256-jhZDfXVKdD7TSEGgzFJQvEEZ2K65UMiqW5YJ2aIqxMA=",
        "owner": "nixos",
        "repo": "nixpkgs",
        "rev": "507b63021ada5fee621b6ca371c4fca9ca46f52c",
        "type": "github"
      },
      "original": {
        "owner": "nixos",
        "ref": "nixpkgs-unstable",
        "repo": "nixpkgs",
        "type": "github"
      }
    },
    "nixpkgs_4": {
      "locked": {
        "lastModified": 1644486793,
        "narHash": "sha256-EeijR4guVHgVv+JpOX3cQO+1XdrkJfGmiJ9XVsVU530=",
        "owner": "NixOS",
        "repo": "nixpkgs",
        "rev": "1882c6b7368fd284ad01b0a5b5601ef136321292",
        "type": "github"
      },
      "original": {
        "owner": "NixOS",
        "ref": "nixpkgs-unstable",
        "repo": "nixpkgs",
        "type": "github"
      }
    },
    "nixpkgs_5": {
      "locked": {
        "lastModified": 1644486793,
        "narHash": "sha256-EeijR4guVHgVv+JpOX3cQO+1XdrkJfGmiJ9XVsVU530=",
        "owner": "NixOS",
        "repo": "nixpkgs",
        "rev": "1882c6b7368fd284ad01b0a5b5601ef136321292",
        "type": "github"
      },
      "original": {
        "owner": "NixOS",
        "ref": "nixpkgs-unstable",
        "repo": "nixpkgs",
        "type": "github"
      }
    },
    "nixpkgs_6": {
      "locked": {
        "lastModified": 1769433173,
        "narHash": "sha256-Gf1dFYgD344WZ3q0LPlRoWaNdNQq8kSBDLEWulRQSEs=",
        "ref": "nixpkgs-unstable",
        "rev": "13b0f9e6ac78abbbb736c635d87845c4f4bee51b",
        "revCount": 934966,
        "type": "git",
        "url": "ssh://git@github.com/NixOS/nixpkgs.git"
      },
      "original": {
        "ref": "nixpkgs-unstable",
        "type": "git",
        "url": "ssh://git@github.com/NixOS/nixpkgs.git"
      }
    },
    "norg": {
      "inputs": {
        "flake-compat": "flake-compat_2",
        "flake-utils": "flake-utils_2",
        "nixpkgs": "nixpkgs_4"
      },
      "locked": {
        "lastModified": 1672582520,
        "narHash": "sha256-kv3UiJUqMSF1qd3r4OCWomVTHTYjwX/EBRWm8mOSdwg=",
        "owner": "nvim-neorg",
        "repo": "tree-sitter-norg",
        "rev": "d7a466e182a532065a559dbfc7a847271d5e9c29",
        "type": "github"
      },
      "original": {
        "owner": "nvim-neorg",
        "ref": "dev",
        "repo": "tree-sitter-norg",
        "type": "github"
      }
    },
    "norg-meta": {
      "inputs": {
        "flake-compat": "flake-compat_3",
        "flake-utils": "flake-utils_3",
        "nixpkgs": "nixpkgs_5"
      },
      "locked": {
        "lastModified": 1713028366,
        "narHash": "sha256-8qSdwHlfnjFuQF4zNdLtU2/tzDRhDZbo9K54Xxgn5+8=",
        "owner": "nvim-neorg",
        "repo": "tree-sitter-norg-meta",
        "rev": "6f0510cc516a3af3396a682fbd6655486c2c9d2d",
        "type": "github"
      },
      "original": {
        "owner": "nvim-neorg",
        "repo": "tree-sitter-norg-meta",
        "type": "github"
      }
    },
    "nvim-dbee": {
      "flake": false,
      "locked": {
        "lastModified": 1753439236,
        "narHash": "sha256-rvKUqUsLpGYqDVNeRVUlEPkpntahFDx4qJH7a5Uw760=",
        "ref": "refs/heads/master",
        "rev": "dda517694889a5d238d7aa407403984da9f80cc0",
        "revCount": 496,
        "type": "git",
        "url": "ssh://git@github.com/kndndrj/nvim-dbee"
      },
      "original": {
        "type": "git",
        "url": "ssh://git@github.com/kndndrj/nvim-dbee"
      }
    },
    "nvim-luaref": {
      "flake": false,
      "locked": {
        "lastModified": 1645064202,
        "narHash": "sha256-nmsKg1Ah67fhGzevTFMlncwLX9gN0JkR7Woi0T5On34=",
        "ref": "refs/heads/main",
        "rev": "9cd3ed50d5752ffd56d88dd9e395ddd3dc2c7127",
        "revCount": 15,
        "type": "git",
        "url": "ssh://git@github.com/milisims/nvim-luaref"
      },
      "original": {
        "type": "git",
        "url": "ssh://git@github.com/milisims/nvim-luaref"
      }
    },
    "nvim-recorder": {
      "flake": false,
      "locked": {
        "lastModified": 1767720076,
        "narHash": "sha256-7hK1UTKMeZdQZRa+wNWqY5Sc5ilEjEeD6FY8i4w26Es=",
        "ref": "refs/heads/main",
        "rev": "d2a6c5952545d4a4d8b82aafbdbf40d1c9edb744",
        "revCount": 238,
        "type": "git",
        "url": "ssh://git@github.com/chrisgrieser/nvim-recorder"
      },
      "original": {
        "type": "git",
        "url": "ssh://git@github.com/chrisgrieser/nvim-recorder"
      }
    },
    "nvim-vtsls": {
      "flake": false,
      "locked": {
        "lastModified": 1752665961,
        "narHash": "sha256-vTNEpDcZxch4Pj4lotEB/eQLxXtvhgdaqYY+8YIirDE=",
        "ref": "refs/heads/main",
        "rev": "0b5f73c9e50ce95842ea07bb3f05c7d66d87d14a",
        "revCount": 27,
        "type": "git",
        "url": "ssh://git@github.com/yioneko/nvim-vtsls"
      },
      "original": {
        "type": "git",
        "url": "ssh://git@github.com/yioneko/nvim-vtsls"
      }
    },
    "quicker": {
      "flake": false,
      "locked": {
        "lastModified": 1768246392,
        "narHash": "sha256-cL/BxgmqWE28UVRwoGXz0pSlJREjrQw5/st15SITYeA=",
        "ref": "refs/heads/master",
        "rev": "fc041830fa7cf093786b0d5990d99cf3c7b0c129",
        "revCount": 56,
        "type": "git",
        "url": "ssh://git@github.com/stevearc/quicker.nvim"
      },
      "original": {
        "type": "git",
        "url": "ssh://git@github.com/stevearc/quicker.nvim"
      }
    },
    "reactive": {
      "flake": false,
      "locked": {
        "lastModified": 1767135875,
        "narHash": "sha256-F2H1hH4MxNUFMKDtkrTbF8PwZW6SzXsbQidVWX/2N+M=",
        "ref": "refs/heads/master",
        "rev": "0588b5c2b0cf49bd2232fe4366b3516c32edee44",
        "revCount": 112,
        "type": "git",
        "url": "ssh://git@github.com/rasulomaroff/reactive.nvim"
      },
      "original": {
        "type": "git",
        "url": "ssh://git@github.com/rasulomaroff/reactive.nvim"
      }
    },
    "recall": {
      "flake": false,
      "locked": {
        "lastModified": 1765899706,
        "narHash": "sha256-mH+NqrmX0K8FnbxHL3ASLRIYszkxTQOXu4Aa1o/oJSI=",
        "ref": "refs/heads/main",
        "rev": "147d6cf59b3147183183eb04585b661133637d2a",
        "revCount": 34,
        "type": "git",
        "url": "ssh://git@github.com/fnune/recall.nvim"
      },
      "original": {
        "type": "git",
        "url": "ssh://git@github.com/fnune/recall.nvim"
      }
    },
    "resession": {
      "flake": false,
      "locked": {
        "lastModified": 1762326008,
        "narHash": "sha256-7Wa3PwTWEueRkhKBhOMbvstT5vFj2sxyiHoJOrdcJAc=",
        "ref": "refs/heads/master",
        "rev": "05adc14db5c2d0eae064765101dd5e9c594c7851",
        "revCount": 142,
        "type": "git",
        "url": "ssh://git@github.com/stevearc/resession.nvim"
      },
      "original": {
        "type": "git",
        "url": "ssh://git@github.com/stevearc/resession.nvim"
      }
    },
    "root": {
      "inputs": {
        "blink-cmp": "blink-cmp",
        "blink-compat": "blink-compat",
        "blink-copilot": "blink-copilot",
        "bqf": "bqf",
        "codecompanion": "codecompanion",
        "copilot": "copilot",
        "csvview": "csvview",
        "dap-view": "dap-view",
        "demicolon": "demicolon",
        "dial": "dial",
        "eyeliner": "eyeliner",
        "faster": "faster",
        "fidget": "fidget",
        "flake-parts": "flake-parts_2",
        "gen-luarc": "gen-luarc",
        "gitsigns": "gitsigns",
        "helpview": "helpview",
        "hover": "hover",
        "lazydev": "lazydev",
        "lualine": "lualine",
        "luasnip": "luasnip",
        "luvit-meta": "luvit-meta_2",
        "marks": "marks",
        "markview": "markview",
        "mcp-hub": "mcp-hub",
        "mcp-hub-nvim": "mcp-hub-nvim",
        "mini-diff": "mini-diff",
        "mini-git": "mini-git",
        "mini-hipatterns": "mini-hipatterns",
        "mini-icons": "mini-icons",
        "mini-pairs": "mini-pairs",
        "mini-starter": "mini-starter",
        "mini-surround": "mini-surround",
        "neogit": "neogit",
        "neorg-overlay": "neorg-overlay",
        "neotest": "neotest",
        "neotest-jest": "neotest-jest",
        "neotest-mocha": "neotest-mocha",
        "neotest-vitest": "neotest-vitest",
        "neovim-nightly": "neovim-nightly",
        "nixpkgs": "nixpkgs_6",
        "nvim-dbee": "nvim-dbee",
        "nvim-luaref": "nvim-luaref",
        "nvim-recorder": "nvim-recorder",
        "nvim-vtsls": "nvim-vtsls",
        "quicker": "quicker",
        "reactive": "reactive",
        "recall": "recall",
        "resession": "resession",
        "screenkey": "screenkey",
        "shipwright": "shipwright",
        "statuscol": "statuscol",
        "symbol-usage": "symbol-usage",
        "telescope-frecency": "telescope-frecency",
        "treesj": "treesj",
        "true-zen": "true-zen",
        "tsc-nvim": "tsc-nvim",
        "vimade": "vimade",
        "which-key": "which-key"
      }
    },
    "rust-analyzer-src": {
      "flake": false,
      "locked": {
        "lastModified": 1760976639,
        "narHash": "sha256-v+teOfOLbR9UFLuaMfbsd/L5ckJBcQJyeFj23V3lz8g=",
        "owner": "rust-lang",
        "repo": "rust-analyzer",
        "rev": "4a305f565ab964caf22dc72980a44b2970a9c2f1",
        "type": "github"
      },
      "original": {
        "owner": "rust-lang",
        "ref": "nightly",
        "repo": "rust-analyzer",
        "type": "github"
      }
    },
    "screenkey": {
      "flake": false,
      "locked": {
        "lastModified": 1766951600,
        "narHash": "sha256-HrVxE6dQBntp++9yll28bG17muAOj5uvzvUpulsZ800=",
        "ref": "refs/heads/main",
        "rev": "68f03f52faf52ccfe954e5430ce17f7590bac2a0",
        "revCount": 324,
        "type": "git",
        "url": "ssh://git@github.com/NStefan002/screenkey.nvim"
      },
      "original": {
        "type": "git",
        "url": "ssh://git@github.com/NStefan002/screenkey.nvim"
      }
    },
    "shipwright": {
      "flake": false,
      "locked": {
        "lastModified": 1711725275,
        "narHash": "sha256-xh/2m//Cno5gPucjOYih79wVZj3X1Di/U3/IQhKXjc0=",
        "ref": "refs/heads/master",
        "rev": "e596ab48328c31873f4f4d2e070243bf9de16ff3",
        "revCount": 28,
        "type": "git",
        "url": "ssh://git@github.com/rktjmp/shipwright.nvim"
      },
      "original": {
        "type": "git",
        "url": "ssh://git@github.com/rktjmp/shipwright.nvim"
      }
    },
    "statuscol": {
      "flake": false,
      "locked": {
        "lastModified": 1748881224,
        "narHash": "sha256-nFEQRJ5V+0RskJoAVRPAe2yrkORMTg9Jm13ClTmTSgk=",
        "ref": "refs/heads/main",
        "rev": "c46172d0911aa5d49ba5f39f4351d1bb7aa289cc",
        "revCount": 159,
        "type": "git",
        "url": "ssh://git@github.com/luukvbaal/statuscol.nvim"
      },
      "original": {
        "type": "git",
        "url": "ssh://git@github.com/luukvbaal/statuscol.nvim"
      }
    },
    "symbol-usage": {
      "flake": false,
      "locked": {
        "lastModified": 1746251092,
        "narHash": "sha256-zWT6ZGYGpWLwuUrMlmyTIE5UZtPLX2FnywhycTxUaRQ=",
        "ref": "refs/heads/main",
        "rev": "e07c07dfe7504295a369281e95a24e1afa14b243",
        "revCount": 61,
        "type": "git",
        "url": "ssh://git@github.com/Wansmer/symbol-usage.nvim"
      },
      "original": {
        "type": "git",
        "url": "ssh://git@github.com/Wansmer/symbol-usage.nvim"
      }
    },
    "systems": {
      "locked": {
        "lastModified": 1681028828,
        "narHash": "sha256-Vy1rq5AaRuLzOxct8nz4T6wlgyUR7zLU309k9mBC768=",
        "owner": "nix-systems",
        "repo": "default",
        "rev": "da67096a3b9bf56a91d16901293e51ba5b49a27e",
        "type": "github"
      },
      "original": {
        "owner": "nix-systems",
        "repo": "default",
        "type": "github"
      }
    },
    "telescope-frecency": {
      "flake": false,
      "locked": {
        "lastModified": 1762594795,
        "narHash": "sha256-iTSDtPxjNWPl5kMw1KSkbKtx2fIJJSs7P/NJkkkgd8g=",
        "ref": "refs/heads/master",
        "rev": "fc6418bf663a182b72427487246b870f2ddbbbe2",
        "revCount": 278,
        "type": "git",
        "url": "ssh://git@github.com/nvim-telescope/telescope-frecency.nvim"
      },
      "original": {
        "type": "git",
        "url": "ssh://git@github.com/nvim-telescope/telescope-frecency.nvim"
      }
    },
    "treesj": {
      "flake": false,
      "locked": {
        "lastModified": 1765194442,
        "narHash": "sha256-Vkt7ympm2STblNd0zGu9LB2XuLbno3PirAPIABKKCOc=",
        "ref": "refs/heads/main",
        "rev": "186084dee5e9c8eec40f6e39481c723dd567cb05",
        "revCount": 178,
        "type": "git",
        "url": "ssh://git@github.com/Wansmer/treesj"
      },
      "original": {
        "type": "git",
        "url": "ssh://git@github.com/Wansmer/treesj"
      }
    },
    "true-zen": {
      "flake": false,
      "locked": {
        "lastModified": 1686314140,
        "narHash": "sha256-euaxTWS98i14wvuKrFvdCRigsKqrSUwZpMEmYtUBBss=",
        "ref": "refs/heads/main",
        "rev": "2b9e210e0d1a735e1fa85ec22190115dffd963aa",
        "revCount": 1182,
        "type": "git",
        "url": "ssh://git@github.com/Pocco81/true-zen.nvim"
      },
      "original": {
        "type": "git",
        "url": "ssh://git@github.com/Pocco81/true-zen.nvim"
      }
    },
    "tsc-nvim": {
      "flake": false,
      "locked": {
        "lastModified": 1768396778,
        "narHash": "sha256-W48Jfa750jW3mB7ObDVdZXDaZDfbbA46cgMPNkPR6jg=",
        "ref": "refs/heads/main",
        "rev": "e083bcf1e54bc3af7df92b33235efb334e8c782c",
        "revCount": 52,
        "type": "git",
        "url": "ssh://git@github.com/dmmulroy/tsc.nvim"
      },
      "original": {
        "type": "git",
        "url": "ssh://git@github.com/dmmulroy/tsc.nvim"
      }
    },
    "vimade": {
      "flake": false,
      "locked": {
        "lastModified": 1762705863,
        "narHash": "sha256-HR79/IS75TRetDxoicGhaOkHZZw/oKmb6I6ZmQmjnEk=",
        "ref": "refs/heads/master",
        "rev": "266cb28a451448754eb8ae2a2a46d6ae526b33f8",
        "revCount": 478,
        "type": "git",
        "url": "ssh://git@github.com/TaDaa/vimade"
      },
      "original": {
        "type": "git",
        "url": "ssh://git@github.com/TaDaa/vimade"
      }
    },
    "which-key": {
      "flake": false,
      "locked": {
        "lastModified": 1761664528,
        "narHash": "sha256-rKaYnXM4gRkkF/+xIFm2oCZwtAU6CeTdRWU93N+Jmbc=",
        "ref": "refs/heads/main",
        "rev": "3aab2147e74890957785941f0c1ad87d0a44c15a",
        "revCount": 716,
        "type": "git",
        "url": "ssh://git@github.com/folke/which-key.nvim"
      },
      "original": {
        "type": "git",
        "url": "ssh://git@github.com/folke/which-key.nvim"
      }
    }
  },
  "root": "root",
  "version": 7
}
