{
  "nodes": {
    "flake-parts": {
      "inputs": {
        "nixpkgs-lib": "nixpkgs-lib"
      },
      "locked": {
        "lastModified": 1715865404,
        "narHash": "sha256-/GJvTdTpuDjNn84j82cU6bXztE0MSkdnTWClUCRub78=",
        "owner": "hercules-ci",
        "repo": "flake-parts",
        "rev": "8dc45382d5206bd292f9c2768b8058a8fd8311d9",
        "type": "github"
      },
      "original": {
        "owner": "hercules-ci",
        "repo": "flake-parts",
        "type": "github"
      }
    },
    "flake-utils": {
      "inputs": {
        "systems": "systems"
      },
      "locked": {
        "lastModified": 1710146030,
        "narHash": "sha256-SZ5L6eA7HJ/nmkzGG7/ISclqe6oZdOZTNoesiInkXPQ=",
        "owner": "numtide",
        "repo": "flake-utils",
        "rev": "b1d9ab70662946ef0850d488da1c9019f3a9752a",
        "type": "github"
      },
      "original": {
        "owner": "numtide",
        "repo": "flake-utils",
        "type": "github"
      }
    },
    "gen-luarc": {
      "inputs": {
        "flake-parts": "flake-parts",
        "nixpkgs": "nixpkgs"
      },
      "locked": {
        "lastModified": 1717108591,
        "narHash": "sha256-Sn6jrh9Nqp5UKJzNT0rg/DQCJCpFs/d+RM2/iENPpBo=",
        "owner": "mrcjkb",
        "repo": "nix-gen-luarc-json",
        "rev": "39704e58b5227a82a14a00f5912e4bfccfa2b687",
        "type": "github"
      },
      "original": {
        "owner": "mrcjkb",
        "repo": "nix-gen-luarc-json",
        "type": "github"
      }
    },
    "nixpkgs": {
      "locked": {
        "lastModified": 1716948383,
        "narHash": "sha256-SzDKxseEcHR5KzPXLwsemyTR/kaM9whxeiJohbL04rs=",
        "owner": "nixos",
        "repo": "nixpkgs",
        "rev": "ad57eef4ef0659193044870c731987a6df5cf56b",
        "type": "github"
      },
      "original": {
        "owner": "nixos",
        "ref": "nixos-unstable",
        "repo": "nixpkgs",
        "type": "github"
      }
    },
    "nixpkgs-lib": {
      "locked": {
        "lastModified": 1714640452,
        "narHash": "sha256-QBx10+k6JWz6u7VsohfSw8g8hjdBZEf8CFzXH1/1Z94=",
        "type": "tarball",
        "url": "https://github.com/NixOS/nixpkgs/archive/50eb7ecf4cd0a5756d7275c8ba36790e5bd53e33.tar.gz"
      },
      "original": {
        "type": "tarball",
        "url": "https://github.com/NixOS/nixpkgs/archive/50eb7ecf4cd0a5756d7275c8ba36790e5bd53e33.tar.gz"
      }
    },
    "nixpkgs_2": {
      "locked": {
        "lastModified": 1717602782,
        "narHash": "sha256-pL9jeus5QpX5R+9rsp3hhZ+uplVHscNJh8n8VpqscM0=",
        "owner": "NixOS",
        "repo": "nixpkgs",
        "rev": "e8057b67ebf307f01bdcc8fba94d94f75039d1f6",
        "type": "github"
      },
      "original": {
        "owner": "NixOS",
        "ref": "nixos-unstable",
        "repo": "nixpkgs",
        "type": "github"
      }
    },
    "root": {
      "inputs": {
        "flake-utils": "flake-utils",
        "gen-luarc": "gen-luarc",
        "nixpkgs": "nixpkgs_2"
      }
    },
    "systems": {
      "locked": {
        "lastModified": 1681028828,
        "narHash": "sha256-Vy1rq5AaRuLzOxct8nz4T6wlgyUR7zLU309k9mBC768=",
        "owner": "nix-systems",
        "repo": "default",
        "rev": "da67096a3b9bf56a91d16901293e51ba5b49a27e",
        "type": "github"
      },
      "original": {
        "owner": "nix-systems",
        "repo": "default",
        "type": "github"
      }
    }
||||||| parent of 084a72f (Config migration)
=======
    "copilot": {
      "flake": false,
      "locked": {
        "lastModified": 1709095198,
        "narHash": "sha256-JX3sdsnOnjkY7r9fCtC2oauo0PXF3SQ+SHUo8ifBvAc=",
        "owner": "zbirenbaum",
        "repo": "copilot.lua",
        "rev": "f7612f5af4a7d7615babf43ab1e67a2d790c13a6",
        "type": "github"
      },
      "original": {
        "owner": "zbirenbaum",
        "repo": "copilot.lua",
        "type": "github"
      }
    },
    "copilot-cmp": {
      "flake": false,
      "locked": {
        "lastModified": 1694286652,
        "narHash": "sha256-srgNohm/aJpswNJ5+T7p+zi9Jinp9e5FA8/wdk6VRiY=",
        "owner": "zbirenbaum",
        "repo": "copilot-cmp",
        "rev": "72fbaa03695779f8349be3ac54fa8bd77eed3ee3",
        "type": "github"
      },
      "original": {
        "owner": "zbirenbaum",
        "repo": "copilot-cmp",
        "type": "github"
      }
    },
    "flake-compat": {
      "flake": false,
      "locked": {
        "lastModified": 1696426674,
        "narHash": "sha256-kvjfFW7WAETZlt09AgDn1MrtKzP7t90Vf7vypd3OL1U=",
        "owner": "edolstra",
        "repo": "flake-compat",
        "rev": "0f9255e01c2351cc7d116c072cb317785dd33b33",
        "type": "github"
      },
      "original": {
        "owner": "edolstra",
        "repo": "flake-compat",
        "type": "github"
      }
    },
    "flake-compat_2": {
      "flake": false,
      "locked": {
        "lastModified": 1696426674,
        "narHash": "sha256-kvjfFW7WAETZlt09AgDn1MrtKzP7t90Vf7vypd3OL1U=",
        "owner": "edolstra",
        "repo": "flake-compat",
        "rev": "0f9255e01c2351cc7d116c072cb317785dd33b33",
        "type": "github"
      },
      "original": {
        "owner": "edolstra",
        "repo": "flake-compat",
        "type": "github"
      }
    },
    "flake-parts": {
      "inputs": {
        "nixpkgs-lib": [
          "neovim-nightly",
          "nixpkgs"
        ]
      },
      "locked": {
        "lastModified": 1715865404,
        "narHash": "sha256-/GJvTdTpuDjNn84j82cU6bXztE0MSkdnTWClUCRub78=",
        "owner": "hercules-ci",
        "repo": "flake-parts",
        "rev": "8dc45382d5206bd292f9c2768b8058a8fd8311d9",
        "type": "github"
      },
      "original": {
        "owner": "hercules-ci",
        "repo": "flake-parts",
        "type": "github"
      }
    },
    "flake-parts_2": {
      "inputs": {
        "nixpkgs-lib": [
          "neovim-nightly",
          "hercules-ci-effects",
          "nixpkgs"
        ]
      },
      "locked": {
        "lastModified": 1712014858,
        "narHash": "sha256-sB4SWl2lX95bExY2gMFG5HIzvva5AVMJd4Igm+GpZNw=",
        "owner": "hercules-ci",
        "repo": "flake-parts",
        "rev": "9126214d0a59633752a136528f5f3b9aa8565b7d",
        "type": "github"
      },
      "original": {
        "id": "flake-parts",
        "type": "indirect"
      }
    },
    "flake-utils": {
      "inputs": {
        "systems": "systems"
      },
      "locked": {
        "lastModified": 1710146030,
        "narHash": "sha256-SZ5L6eA7HJ/nmkzGG7/ISclqe6oZdOZTNoesiInkXPQ=",
        "owner": "numtide",
        "repo": "flake-utils",
        "rev": "b1d9ab70662946ef0850d488da1c9019f3a9752a",
        "type": "github"
      },
      "original": {
        "owner": "numtide",
        "repo": "flake-utils",
        "type": "github"
      }
    },
    "git-hooks": {
      "inputs": {
        "flake-compat": "flake-compat_2",
        "gitignore": "gitignore",
        "nixpkgs": [
          "neovim-nightly",
          "nixpkgs"
        ],
        "nixpkgs-stable": [
          "neovim-nightly",
          "nixpkgs"
        ]
      },
      "locked": {
        "lastModified": 1716213921,
        "narHash": "sha256-xrsYFST8ij4QWaV6HEokCUNIZLjjLP1bYC60K8XiBVA=",
        "owner": "cachix",
        "repo": "git-hooks.nix",
        "rev": "0e8fcc54b842ad8428c9e705cb5994eaf05c26a0",
        "type": "github"
      },
      "original": {
        "owner": "cachix",
        "repo": "git-hooks.nix",
        "type": "github"
      }
    },
    "gitignore": {
      "inputs": {
        "nixpkgs": [
          "neovim-nightly",
          "git-hooks",
          "nixpkgs"
        ]
      },
      "locked": {
        "lastModified": 1709087332,
        "narHash": "sha256-HG2cCnktfHsKV0s4XW83gU3F57gaTljL9KNSuG6bnQs=",
        "owner": "hercules-ci",
        "repo": "gitignore.nix",
        "rev": "637db329424fd7e46cf4185293b9cc8c88c95394",
        "type": "github"
      },
      "original": {
        "owner": "hercules-ci",
        "repo": "gitignore.nix",
        "type": "github"
      }
    },
    "hercules-ci-effects": {
      "inputs": {
        "flake-parts": "flake-parts_2",
        "nixpkgs": [
          "neovim-nightly",
          "nixpkgs"
        ]
      },
      "locked": {
        "lastModified": 1713898448,
        "narHash": "sha256-6q6ojsp/Z9P2goqnxyfCSzFOD92T3Uobmj8oVAicUOs=",
        "owner": "hercules-ci",
        "repo": "hercules-ci-effects",
        "rev": "c0302ec12d569532a6b6bd218f698bc402e93adc",
        "type": "github"
      },
      "original": {
        "owner": "hercules-ci",
        "repo": "hercules-ci-effects",
        "type": "github"
      }
    },
    "hurl-nvim": {
      "flake": false,
      "locked": {
        "lastModified": 1717156539,
        "narHash": "sha256-TW73TR7zkoQh6WnymgzjGqW9sqxXMZUzw2GGE1ga7vw=",
        "owner": "jellydn",
        "repo": "hurl.nvim",
        "rev": "00264bd4824021a65ce6e791864fda3393548199",
        "type": "github"
      },
      "original": {
        "owner": "jellydn",
        "repo": "hurl.nvim",
        "type": "github"
      }
    },
    "neogit": {
      "flake": false,
      "locked": {
        "lastModified": 1717164279,
        "narHash": "sha256-uXDAWLo0FiNFMGfcFZwPABJWgEpxcvnJhFopdJTGjr0=",
        "owner": "NeogitOrg",
        "repo": "neogit",
        "rev": "1667735e5f505c0388f7c4026ef778152712ef32",
        "type": "github"
      },
      "original": {
        "owner": "NeogitOrg",
        "ref": "master",
        "repo": "neogit",
        "type": "github"
      }
    },
    "neotest-vim-test": {
      "flake": false,
      "locked": {
        "lastModified": 1717078708,
        "narHash": "sha256-CWe2/c4I+tjVwgFHW5/376KBY0Tkh/H6E4QjLmk8ZQs=",
        "owner": "vim-test",
        "repo": "vim-test",
        "rev": "6acc7d96487abaaa57a19b0d43efaea6633d6bb7",
        "type": "github"
      },
      "original": {
        "owner": "vim-test",
        "repo": "vim-test",
        "type": "github"
      }
    },
    "neovim-nightly": {
      "inputs": {
        "flake-compat": "flake-compat",
        "flake-parts": "flake-parts",
        "git-hooks": "git-hooks",
        "hercules-ci-effects": "hercules-ci-effects",
        "neovim-src": "neovim-src",
        "nixpkgs": [
          "nixpkgs"
        ]
      },
      "locked": {
        "lastModified": 1717171539,
        "narHash": "sha256-Sr7x7scl6VGOD/+74wyZaKF2asiidkG/9+Me5vmEy84=",
        "owner": "nix-community",
        "repo": "neovim-nightly-overlay",
        "rev": "8d9517ad34e62b04744f1586838d4565939172b4",
        "type": "github"
      },
      "original": {
        "owner": "nix-community",
        "repo": "neovim-nightly-overlay",
        "type": "github"
      }
    },
    "neovim-src": {
      "flake": false,
      "locked": {
        "lastModified": 1717058786,
        "narHash": "sha256-IuoPQ4AMGvSzo8IT4vFVO5rz6l4GMYxO6nLE0CjClzQ=",
        "owner": "neovim",
        "repo": "neovim",
        "rev": "5c33815448e11b514678f39cecc74e68131d4628",
        "type": "github"
      },
      "original": {
        "owner": "neovim",
        "repo": "neovim",
        "type": "github"
      }
    },
    "nixpkgs": {
      "locked": {
        "lastModified": 1717112898,
        "narHash": "sha256-7R2ZvOnvd9h8fDd65p0JnB7wXfUvreox3xFdYWd1BnY=",
        "owner": "NixOS",
        "repo": "nixpkgs",
        "rev": "6132b0f6e344ce2fe34fc051b72fb46e34f668e0",
        "type": "github"
      },
      "original": {
        "owner": "NixOS",
        "ref": "nixpkgs-unstable",
        "repo": "nixpkgs",
        "type": "github"
      }
    },
    "nougat": {
      "flake": false,
      "locked": {
        "lastModified": 1704667773,
        "narHash": "sha256-0IM2P0SVYidknOei67DFOL+aPGQVsqTdIgZnyUHo4AU=",
        "owner": "MunifTanjim",
        "repo": "nougat.nvim",
        "rev": "1c1cde6e53d7d7c2242d125fe67552b00e235876",
        "type": "github"
      },
      "original": {
        "owner": "MunifTanjim",
        "repo": "nougat.nvim",
        "type": "github"
      }
    },
    "nvim-luaref": {
      "flake": false,
      "locked": {
        "lastModified": 1645064202,
        "narHash": "sha256-nmsKg1Ah67fhGzevTFMlncwLX9gN0JkR7Woi0T5On34=",
        "owner": "milisims",
        "repo": "nvim-luaref",
        "rev": "9cd3ed50d5752ffd56d88dd9e395ddd3dc2c7127",
        "type": "github"
      },
      "original": {
        "owner": "milisims",
        "repo": "nvim-luaref",
        "type": "github"
      }
    },
    "reactive": {
      "flake": false,
      "locked": {
        "lastModified": 1714536867,
        "narHash": "sha256-miW1YGD20nhjPK9Dp9HLnGZh97IsqoUStDkhv+ENZoc=",
        "owner": "rasulomaroff",
        "repo": "reactive.nvim",
        "rev": "a81b12322a2343d5f6530bebf3a844141d378550",
        "type": "github"
      },
      "original": {
        "owner": "rasulomaroff",
        "repo": "reactive.nvim",
        "type": "github"
      }
    },
    "root": {
      "inputs": {
        "copilot": "copilot",
        "copilot-cmp": "copilot-cmp",
        "flake-utils": "flake-utils",
        "hurl-nvim": "hurl-nvim",
        "neogit": "neogit",
        "neotest-vim-test": "neotest-vim-test",
        "neovim-nightly": "neovim-nightly",
        "nixpkgs": "nixpkgs",
        "nougat": "nougat",
        "nvim-luaref": "nvim-luaref",
        "reactive": "reactive",
        "screenkey": "screenkey",
        "statuscol": "statuscol",
        "telescope-frecency": "telescope-frecency",
        "tslint": "tslint"
      }
    },
    "screenkey": {
      "flake": false,
      "locked": {
        "lastModified": 1716483132,
        "narHash": "sha256-D7pkrTETm6TVJ18SHwz5qESOPfgzi5j7L+l/hRfzLFk=",
        "owner": "NStefan002",
        "repo": "screenkey.nvim",
        "rev": "8c56222272bbe2e9bc46be560b217945d140572e",
        "type": "github"
      },
      "original": {
        "owner": "NStefan002",
        "repo": "screenkey.nvim",
        "type": "github"
      }
    },
    "statuscol": {
      "flake": false,
      "locked": {
        "lastModified": 1713528037,
        "narHash": "sha256-C4uZJbvm9nPeywhYdp1seSWvCsx3n0FrqZEqvf1ydzc=",
        "owner": "luukvbaal",
        "repo": "statuscol.nvim",
        "rev": "483b9a596dfd63d541db1aa51ee6ee9a1441c4cc",
        "type": "github"
      },
      "original": {
        "owner": "luukvbaal",
        "repo": "statuscol.nvim",
        "type": "github"
      }
    },
    "systems": {
      "locked": {
        "lastModified": 1681028828,
        "narHash": "sha256-Vy1rq5AaRuLzOxct8nz4T6wlgyUR7zLU309k9mBC768=",
        "owner": "nix-systems",
        "repo": "default",
        "rev": "da67096a3b9bf56a91d16901293e51ba5b49a27e",
        "type": "github"
      },
      "original": {
        "owner": "nix-systems",
        "repo": "default",
        "type": "github"
      }
    },
    "telescope-frecency": {
      "flake": false,
      "locked": {
        "lastModified": 1716639870,
        "narHash": "sha256-4miwEh0GK69DN3lANca7LEGr6Dv1W577RrmLw889hoY=",
        "owner": "nvim-telescope",
        "repo": "telescope-frecency.nvim",
        "rev": "8783a062f76ffa2c328fa98288a404f478d78908",
        "type": "github"
      },
      "original": {
        "owner": "nvim-telescope",
        "repo": "telescope-frecency.nvim",
        "type": "github"
      }
    },
    "tslint": {
      "flake": false,
      "locked": {
        "lastModified": 1616686898,
        "narHash": "sha256-+5N1lhMUgXifBNyNynk4Gx7HqmLLwMtcDw8FMnQ/kgk=",
        "owner": "palantir",
        "repo": "tslint",
        "rev": "285fc1db18d1fd24680d6a2282c6445abf1566ee",
        "type": "github"
      },
      "original": {
        "owner": "palantir",
        "repo": "tslint",
        "type": "github"
      }
    }
  },
  "root": "root",
  "version": 7
}
